<?xml version="1.0" encoding="utf-8"?>
<Project ToolsVersion="4.0" xmlns="http://schemas.microsoft.com/developer/msbuild/2003">
  <ItemGroup>
    <ClCompile Include="src\Components\cSprite.cpp" />
    <ClCompile Include="src\Global.cpp" />
    <ClCompile Include="src\Levels\Level1.cpp" />
    <ClCompile Include="src\Main.cpp" />
    <ClCompile Include="src\ECS\Core.cpp" />
    <ClCompile Include="src\NotInUse\MemoryPool.cpp" />
    <ClCompile Include="src\Systems\PhysicsSystem.cpp" />
    <ClCompile Include="src\Systems\RenderSystem.cpp" />
    <ClCompile Include="src\Tools\Console.cpp" />
    <ClCompile Include="src\Tools\Editor.cpp" />
    <ClCompile Include="src\Managers\GameStateManager.cpp" />
    <ClCompile Include="src\ECS\Factory.cpp" />
    <ClCompile Include="src\Components\cCamera.cpp" />
    <ClCompile Include="src\Components\cTransform.cpp" />
    <ClCompile Include="src\ECS\ComponentManager.cpp" />
    <ClCompile Include="src\ECS\EntityManager.cpp" />
    <ClCompile Include="src\ECS\SystemManager.cpp" />
    <ClCompile Include="src\ECS\ComponentStorage.cpp" />
    <ClCompile Include="src\Components\cRigidBody.cpp" />
    <ClCompile Include="src\Systems\CollisionSystem.cpp" />
    <ClCompile Include="src\Systems\PathFindingSystem.cpp" />
    <ClCompile Include="src\Systems\AISystem.cpp" />
  </ItemGroup>
  <ItemGroup>
    <ClInclude Include="src\Components\Component.h" />
    <ClInclude Include="src\Components\cSprite.h" />
    <ClInclude Include="src\Components\cTransform.h" />
    <ClInclude Include="src\Components\Transform.h" />
    <ClInclude Include="src\Global.h" />
    <ClInclude Include="src\Global_ECS.h" />
    <ClInclude Include="src\Levels\Level1.h" />
    <ClInclude Include="src\ECS\Core.h" />
    <ClInclude Include="src\NotInUse\MemoryPool.h" />
    <ClInclude Include="src\Systems\PhysicsSystem.h" />
    <ClInclude Include="src\Systems\RenderSystem.h" />
    <ClInclude Include="src\Tools\Console.h" />
    <ClInclude Include="src\Tools\Editor.h" />
    <ClInclude Include="src\Components\ComponentList.h" />
    <ClInclude Include="src\Systems\System.h" />
    <ClInclude Include="src\Managers\GameStateManager.h" />
    <ClInclude Include="src\ECS\Factory.h" />
    <ClInclude Include="src\Components\cCamera.h" />
    <ClInclude Include="src\ECS\ComponentManager.h" />
    <ClInclude Include="src\ECS\EntityManager.h" />
    <ClInclude Include="src\ECS\SystemManager.h" />
    <ClInclude Include="src\ECS\ComponentStorage.h" />
    <ClInclude Include="src\ECS\ComponentStorage_Generic.h" />
    <ClInclude Include="src\Systems\SystemList.h" />
    <ClInclude Include="src\Components\cPathFinding.h" />
    <ClInclude Include="src\Systems\PathFindingSystem.h" />
    <ClInclude Include="src\Systems\AISystem.h" />
    <ClInclude Include="src\Components\cAI.h" />
  </ItemGroup>
  <ItemGroup>
    <ClInclude Include="src\Components\cRigidBody.h" />
    <ClInclude Include="src\Components\cCollision.h" />
    <ClInclude Include="src\Systems\CollisionSystem.h" />
  </ItemGroup>
  <ItemGroup>
    <Image Include="res\PlanetTexture.png" />
    <Image Include="res\machinegun.png" />
  </ItemGroup>
</Project>