<?xml version="1.0" encoding="utf-8"?>
<Project ToolsVersion="4.0" xmlns="http://schemas.microsoft.com/developer/msbuild/2003">
  <ItemGroup>
    <ClCompile Include="src\Components\cCamera.cpp" />
    <ClCompile Include="src\Components\cSpaceShip.cpp" />
    <ClCompile Include="src\ECS\ComponentStorage.cpp" />
    <ClCompile Include="src\Components\cSprite.cpp" />
    <ClCompile Include="src\ECS\Factory.cpp" />
    <ClCompile Include="src\Components\cTransform.cpp" />
    <ClCompile Include="src\ECS\EntityManager.cpp" />
    <ClCompile Include="src\Components\cRigidBody.cpp" />
    <ClCompile Include="src\Managers\CameraManager.cpp" />
    <ClCompile Include="src\Global.cpp" />
    <ClCompile Include="src\Levels\Level1.cpp" />
    <ClCompile Include="src\Main.cpp" />
    <ClCompile Include="src\ECS\ComponentManager.cpp" />
    <ClCompile Include="src\Managers\GameStateManager.cpp" />
    <ClCompile Include="src\ECS\SystemManager.cpp" />
    <ClCompile Include="src\ECS\Core.cpp" />
    <ClCompile Include="src\Math\Math.cpp" />
    <ClCompile Include="src\NotInUse\MemoryPool.cpp" />
    <ClCompile Include="src\Systems\CollisionSystem.cpp" />
    <ClCompile Include="src\Systems\PathFindingSystem.cpp" />
    <ClCompile Include="src\Systems\PhysicsSystem.cpp" />
    <ClCompile Include="src\Systems\RenderSystem.cpp" />
    <ClCompile Include="src\Systems\SpaceShipLogicSystem.cpp" />
    <ClCompile Include="src\Tools\Console.cpp" />
    <ClCompile Include="src\Tools\Editor.cpp" />
    <ClCompile Include="src\Systems\AISystem.cpp" />
    <ClCompile Include="src\Player\PlayerManager.cpp" />
    <ClCompile Include="src\Managers\InputManager.cpp" />
    <ClCompile Include="src\Managers\ResourceManager.cpp" />
    <ClCompile Include="src\Systems\UISystem.cpp" />
    <ClCompile Include="src\Components\cUIElement.cpp" />
    <ClCompile Include="src\Levels\LoadingLevel.cpp" />
    <ClCompile Include="src\Components\cDebugTools.cpp" />
    <ClCompile Include="src\Systems\DebugToolsSystem.cpp" />
    <ClCompile Include="src\Components\cParticle.cpp" />
    <ClCompile Include="src\Components\cParticleEmitter.cpp" />
    <ClCompile Include="src\Systems\ParticleSystem.cpp" />
    <ClCompile Include="src\Components\cCollision.cpp" />
    <ClCompile Include="src\Levels\LoadingLevel.cpp" />
    <ClCompile Include="src\Components\cWeapon.cpp" />
    <ClCompile Include="src\Components\cHealth.cpp" />
    <ClCompile Include="src\Components\cCollision.cpp" />
    <ClCompile Include="src\Systems\ParticleEmitterSystem.cpp" />
    <ClCompile Include="src\Managers\UIEventsManager.cpp" />
    <ClCompile Include="src\Levels\MainMenu.cpp" />
    <ClCompile Include="src\Levels\MapGenerator.cpp" />
    <ClCompile Include="src\Levels\SplashScreen.cpp" />
    <ClCompile Include="src\Managers\UpgradeManager.cpp" />
    <ClCompile Include="src\Systems\HealthSystem.cpp" />
    <ClCompile Include="src\Systems\WeaponSystemMelee.cpp" />
    <ClCompile Include="src\Systems\WeaponSystemRange.cpp" />
  </ItemGroup>
  <ItemGroup>
    <ClInclude Include="src\Components\cAI.h" />
    <ClInclude Include="src\Components\cCamera.h" />
    <ClInclude Include="src\Components\cCollision.h" />
    <ClInclude Include="src\Components\Component.h" />
    <ClInclude Include="src\Components\ComponentList.h" />
    <ClInclude Include="src\Components\cPathFinding.h" />
    <ClInclude Include="src\Components\cSpaceShip.h" />
    <ClInclude Include="src\ECS\ComponentStorage.h" />
    <ClInclude Include="src\ECS\ComponentStorage_Generic.h" />
    <ClInclude Include="src\Components\cSprite.h" />
    <ClInclude Include="src\Components\cTransform.h" />
    <ClInclude Include="src\Components\cRigidBody.h" />
    <ClInclude Include="src\ECS\Factory.h" />
    <ClInclude Include="src\ECS\EntityManager.h" />
    <ClInclude Include="src\Managers\CameraManager.h" />
    <ClInclude Include="src\Global.h" />
    <ClInclude Include="src\Global_ECS.h" />
    <ClInclude Include="src\Levels\Level1.h" />
    <ClInclude Include="src\ECS\ComponentManager.h" />
    <ClInclude Include="src\ECS\Core.h" />
    <ClInclude Include="src\Managers\GameStateManager.h" />
    <ClInclude Include="src\ECS\SystemManager.h" />
    <ClInclude Include="src\Math\Math.h" />
    <ClInclude Include="src\NotInUse\MemoryPool.h" />
    <ClInclude Include="src\Systems\AISystem.h" />
    <ClInclude Include="src\Systems\CollisionSystem.h" />
    <ClInclude Include="src\Systems\PathFindingSystem.h" />
    <ClInclude Include="src\Systems\PhysicsSystem.h" />
    <ClInclude Include="src\Systems\RenderSystem.h" />
    <ClInclude Include="src\Systems\SpaceShipLogicSystem.h" />
    <ClInclude Include="src\Systems\System.h" />
    <ClInclude Include="src\Systems\SystemList.h" />
    <ClInclude Include="src\Tools\Console.h" />
    <ClInclude Include="src\Tools\Editor.h" />
    <ClInclude Include="src\Tools\MemoryLeak.h" />
    <ClInclude Include="src\Player\PlayerManager.h" />
    <ClInclude Include="src\Managers\InputManager.h" />
    <ClInclude Include="src\Managers\ResourceManager.h" />
    <ClInclude Include="src\Systems\UISystem.h" />
    <ClInclude Include="src\Components\cUIElement.h" />
    <ClInclude Include="src\Levels\LoadingLevel.h" />
    <ClInclude Include="src\Components\cWeapon.h" />
    <ClInclude Include="src\Components\cHealth.h" />
    <ClInclude Include="src\Components\cDebugTools.h" />
    <ClInclude Include="src\Systems\DebugToolsSystem.h" />
    <ClInclude Include="src\Components\cParticle.h" />
    <ClInclude Include="src\Components\cParticleEmitter.h" />
    <ClInclude Include="src\Systems\ParticleSystem.h" />
    <ClInclude Include="src\Systems\ParticleEmitterSystem.h" />
    <ClInclude Include="src\Global_Graphics.h" />
    <ClInclude Include="src\Events\UIEvents.h" />
    <ClInclude Include="src\Events\Events.h" />
    <ClInclude Include="src\Managers\UIEventsManager.h" />
    <ClInclude Include="src\Levels\MainMenu.h" />
    <ClInclude Include="src\Levels\MapGenerator.h" />
    <ClInclude Include="src\Levels\SplashScreen.h" />
    <ClInclude Include="src\Managers\ManagerList.h" />
    <ClInclude Include="src\Managers\UpgradeManager.h" />
    <ClInclude Include="src\Systems\WeaponSystemMelee.h" />
    <ClInclude Include="src\Systems\WeaponSystemRange.h" />
  </ItemGroup>
  <ItemGroup>
    <Image Include="res\BG_Background1.png" />
    <Image Include="res\machinegun.png" />
    <Image Include="res\Planet2.png" />
    <Image Include="res\PlanetTexture.png" />
    <Image Include="res\Player_MachineGun.png" />
    <Image Include="res\Prop_Planet1.png" />
    <Image Include="res\Prop_Planet2.png" />
    <Image Include="res\Prop_Planet3.png" />
    <Image Include="res\Prop_Planet4.png" />
    <Image Include="res\Weapon_Bullet1.png" />
  </ItemGroup>
</Project>